
Microsoft Visual Studio Solution File, Format Version 12.00
# Visual Studio Version 16
VisualStudioVersion = 16.0.32901.82
MinimumVisualStudioVersion = 10.0.40219.1
Project("{FAE04EC0-301F-11D3-BF4B-00C04F79EFBC}") = "DiamondKata", "DiamondKata.csproj", "{64EF084A-7FE9-483B-BED5-7B59966723A9}"
EndProject
Global
	GlobalSection(SolutionConfigurationPlatforms) = preSolution
		Debug|Any CPU = Debug|Any CPU
		Release|Any CPU = Release|Any CPU
	EndGlobalSection
	GlobalSection(ProjectConfigurationPlatforms) = postSolution
		{64EF084A-7FE9-483B-BED5-7B59966723A9}.Debug|Any CPU.ActiveCfg = Debug|Any CPU
		{64EF084A-7FE9-483B-BED5-7B59966723A9}.Debug|Any CPU.Build.0 = Debug|Any CPU
		{64EF084A-7FE9-483B-BED5-7B59966723A9}.Release|Any CPU.ActiveCfg = Release|Any CPU
		{64EF084A-7FE9-483B-BED5-7B59966723A9}.Release|Any CPU.Build.0 = Release|Any CPU
	EndGlobalSection
	GlobalSection(SolutionProperties) = preSolution
		HideSolutionNode = FALSE
	EndGlobalSection
	GlobalSection(ExtensibilityGlobals) = postSolution
		SolutionGuid = {9811DEAA-2DDD-4B87-AC0A-93FB3ECD4610}
	EndGlobalSection
EndGlobal
